// !$*UTF8*$!
{
	archiveVersion = 1;
	classes = {
	};
	objectVersion = 56;
	objects = {

/* Begin PBXBuildFile section */
		9D21E8172A12AE9E00E3D2C7 /* heating_plant.swift in Sources */ = {isa = PBXBuildFile; fileRef = 9D21E8162A12AE9D00E3D2C7 /* heating_plant.swift */; };
		9D21E8192A12AED700E3D2C7 /* front_screen.swift in Sources */ = {isa = PBXBuildFile; fileRef = 9D21E8182A12AED700E3D2C7 /* front_screen.swift */; };
		9D21E81B2A12AEFC00E3D2C7 /* request_permit_heat_other.swift in Sources */ = {isa = PBXBuildFile; fileRef = 9D21E81A2A12AEFC00E3D2C7 /* request_permit_heat_other.swift */; };
		9D21E81D2A12AF2700E3D2C7 /* request_normal_permit.swift in Sources */ = {isa = PBXBuildFile; fileRef = 9D21E81C2A12AF2700E3D2C7 /* request_normal_permit.swift */; };
		9D4DACD42A0D69550065F653 /* EHS_may_11App.swift in Sources */ = {isa = PBXBuildFile; fileRef = 9D4DACD32A0D69550065F653 /* EHS_may_11App.swift */; };
		9D4DACD62A0D69550065F653 /* ContentView.swift in Sources */ = {isa = PBXBuildFile; fileRef = 9D4DACD52A0D69550065F653 /* ContentView.swift */; };
		9D4DACD82A0D69570065F653 /* Assets.xcassets in Resources */ = {isa = PBXBuildFile; fileRef = 9D4DACD72A0D69570065F653 /* Assets.xcassets */; };
		9D4DACDB2A0D69570065F653 /* Preview Assets.xcassets in Resources */ = {isa = PBXBuildFile; fileRef = 9D4DACDA2A0D69570065F653 /* Preview Assets.xcassets */; };
		9D4DACE22A0D6A880065F653 /* SwiftUIView.swift in Sources */ = {isa = PBXBuildFile; fileRef = 9D4DACE12A0D6A880065F653 /* SwiftUIView.swift */; };
		9D4DACE42A0D6B440065F653 /* SwiftUIViewTEST.swift in Sources */ = {isa = PBXBuildFile; fileRef = 9D4DACE32A0D6B440065F653 /* SwiftUIViewTEST.swift */; };
		9D4DACE62A0D6DAD0065F653 /* side_a.swift in Sources */ = {isa = PBXBuildFile; fileRef = 9D4DACE52A0D6DAD0065F653 /* side_a.swift */; };
		9D4DACE82A0D6DE50065F653 /* side_b.swift in Sources */ = {isa = PBXBuildFile; fileRef = 9D4DACE72A0D6DE50065F653 /* side_b.swift */; };
		9D4DACEA2A0D6E320065F653 /* load_permit.swift in Sources */ = {isa = PBXBuildFile; fileRef = 9D4DACE92A0D6E320065F653 /* load_permit.swift */; };
/* End PBXBuildFile section */

/* Begin PBXFileReference section */
		9D21E8162A12AE9D00E3D2C7 /* heating_plant.swift */ = {isa = PBXFileReference; lastKnownFileType = sourcecode.swift; path = heating_plant.swift; sourceTree = "<group>"; };
		9D21E8182A12AED700E3D2C7 /* front_screen.swift */ = {isa = PBXFileReference; lastKnownFileType = sourcecode.swift; path = front_screen.swift; sourceTree = "<group>"; };
		9D21E81A2A12AEFC00E3D2C7 /* request_permit_heat_other.swift */ = {isa = PBXFileReference; lastKnownFileType = sourcecode.swift; path = request_permit_heat_other.swift; sourceTree = "<group>"; };
		9D21E81C2A12AF2700E3D2C7 /* request_normal_permit.swift */ = {isa = PBXFileReference; lastKnownFileType = sourcecode.swift; path = request_normal_permit.swift; sourceTree = "<group>"; };
		9D4DACD02A0D69550065F653 /* EHS_may_11.app */ = {isa = PBXFileReference; explicitFileType = wrapper.application; includeInIndex = 0; path = EHS_may_11.app; sourceTree = BUILT_PRODUCTS_DIR; };
		9D4DACD32A0D69550065F653 /* EHS_may_11App.swift */ = {isa = PBXFileReference; lastKnownFileType = sourcecode.swift; path = EHS_may_11App.swift; sourceTree = "<group>"; };
		9D4DACD52A0D69550065F653 /* ContentView.swift */ = {isa = PBXFileReference; lastKnownFileType = sourcecode.swift; path = ContentView.swift; sourceTree = "<group>"; };
		9D4DACD72A0D69570065F653 /* Assets.xcassets */ = {isa = PBXFileReference; lastKnownFileType = folder.assetcatalog; path = Assets.xcassets; sourceTree = "<group>"; };
		9D4DACDA2A0D69570065F653 /* Preview Assets.xcassets */ = {isa = PBXFileReference; lastKnownFileType = folder.assetcatalog; path = "Preview Assets.xcassets"; sourceTree = "<group>"; };
		9D4DACE12A0D6A880065F653 /* SwiftUIView.swift */ = {isa = PBXFileReference; lastKnownFileType = sourcecode.swift; path = SwiftUIView.swift; sourceTree = "<group>"; };
		9D4DACE32A0D6B440065F653 /* SwiftUIViewTEST.swift */ = {isa = PBXFileReference; lastKnownFileType = sourcecode.swift; path = SwiftUIViewTEST.swift; sourceTree = "<group>"; };
		9D4DACE52A0D6DAD0065F653 /* side_a.swift */ = {isa = PBXFileReference; lastKnownFileType = sourcecode.swift; path = side_a.swift; sourceTree = "<group>"; };
		9D4DACE72A0D6DE50065F653 /* side_b.swift */ = {isa = PBXFileReference; lastKnownFileType = sourcecode.swift; path = side_b.swift; sourceTree = "<group>"; };
		9D4DACE92A0D6E320065F653 /* load_permit.swift */ = {isa = PBXFileReference; lastKnownFileType = sourcecode.swift; path = load_permit.swift; sourceTree = "<group>"; };
/* End PBXFileReference section */

/* Begin PBXFrameworksBuildPhase section */
		9D4DACCD2A0D69550065F653 /* Frameworks */ = {
			isa = PBXFrameworksBuildPhase;
			buildActionMask = 2147483647;
			files = (
			);
			runOnlyForDeploymentPostprocessing = 0;
		};
/* End PBXFrameworksBuildPhase section */

/* Begin PBXGroup section */
		9D4DACC72A0D69550065F653 = {
			isa = PBXGroup;
			children = (
				9D4DACD22A0D69550065F653 /* EHS_may_11 */,
				9D4DACD12A0D69550065F653 /* Products */,
			);
			sourceTree = "<group>";
		};
		9D4DACD12A0D69550065F653 /* Products */ = {
			isa = PBXGroup;
			children = (
				9D4DACD02A0D69550065F653 /* EHS_may_11.app */,
			);
			name = Products;
			sourceTree = "<group>";
		};
		9D4DACD22A0D69550065F653 /* EHS_may_11 */ = {
			isa = PBXGroup;
			children = (
				9D4DACD32A0D69550065F653 /* EHS_may_11App.swift */,
				9D21E8162A12AE9D00E3D2C7 /* heating_plant.swift */,
				9D21E8182A12AED700E3D2C7 /* front_screen.swift */,
				9D21E81A2A12AEFC00E3D2C7 /* request_permit_heat_other.swift */,
				9D21E81C2A12AF2700E3D2C7 /* request_normal_permit.swift */,
				9D4DACD52A0D69550065F653 /* ContentView.swift */,
				9D4DACE52A0D6DAD0065F653 /* side_a.swift */,
				9D4DACE72A0D6DE50065F653 /* side_b.swift */,
				9D4DACE92A0D6E320065F653 /* load_permit.swift */,
				9D4DACE12A0D6A880065F653 /* SwiftUIView.swift */,
				9D4DACE32A0D6B440065F653 /* SwiftUIViewTEST.swift */,
				9D4DACD72A0D69570065F653 /* Assets.xcassets */,
				9D4DACD92A0D69570065F653 /* Preview Content */,
			);
			path = EHS_may_11;
			sourceTree = "<group>";
		};
		9D4DACD92A0D69570065F653 /* Preview Content */ = {
			isa = PBXGroup;
			children = (
				9D4DACDA2A0D69570065F653 /* Preview Assets.xcassets */,
			);
			path = "Preview Content";
			sourceTree = "<group>";
		};
/* End PBXGroup section */

/* Begin PBXNativeTarget section */
		9D4DACCF2A0D69550065F653 /* EHS_may_11 */ = {
			isa = PBXNativeTarget;
			buildConfigurationList = 9D4DACDE2A0D69570065F653 /* Build configuration list for PBXNativeTarget "EHS_may_11" */;
			buildPhases = (
				9D4DACCC2A0D69550065F653 /* Sources */,
				9D4DACCD2A0D69550065F653 /* Frameworks */,
				9D4DACCE2A0D69550065F653 /* Resources */,
			);
			buildRules = (
			);
			dependencies = (
			);
			name = EHS_may_11;
			productName = EHS_may_11;
			productReference = 9D4DACD02A0D69550065F653 /* EHS_may_11.app */;
			productType = "com.apple.product-type.application";
		};
/* End PBXNativeTarget section */

/* Begin PBXProject section */
		9D4DACC82A0D69550065F653 /* Project object */ = {
			isa = PBXProject;
			attributes = {
				BuildIndependentTargetsInParallel = 1;
				LastSwiftUpdateCheck = 1430;
				LastUpgradeCheck = 1430;
				TargetAttributes = {
					9D4DACCF2A0D69550065F653 = {
						CreatedOnToolsVersion = 14.3;
					};
				};
			};
			buildConfigurationList = 9D4DACCB2A0D69550065F653 /* Build configuration list for PBXProject "EHS_may_11" */;
			compatibilityVersion = "Xcode 14.0";
			developmentRegion = en;
			hasScannedForEncodings = 0;
			knownRegions = (
				en,
				Base,
			);
			mainGroup = 9D4DACC72A0D69550065F653;
			productRefGroup = 9D4DACD12A0D69550065F653 /* Products */;
			projectDirPath = "";
			projectRoot = "";
			targets = (
				9D4DACCF2A0D69550065F653 /* EHS_may_11 */,
			);
		};
/* End PBXProject section */

/* Begin PBXResourcesBuildPhase section */
		9D4DACCE2A0D69550065F653 /* Resources */ = {
			isa = PBXResourcesBuildPhase;
			buildActionMask = 2147483647;
			files = (
				9D4DACDB2A0D69570065F653 /* Preview Assets.xcassets in Resources */,
				9D4DACD82A0D69570065F653 /* Assets.xcassets in Resources */,
			);
			runOnlyForDeploymentPostprocessing = 0;
		};
/* End PBXResourcesBuildPhase section */

/* Begin PBXSourcesBuildPhase section */
		9D4DACCC2A0D69550065F653 /* Sources */ = {
			isa = PBXSourcesBuildPhase;
			buildActionMask = 2147483647;
			files = (
				9D4DACEA2A0D6E320065F653 /* load_permit.swift in Sources */,
				9D21E81B2A12AEFC00E3D2C7 /* request_permit_heat_other.swift in Sources */,
				9D4DACD62A0D69550065F653 /* ContentView.swift in Sources */,
				9D21E8192A12AED700E3D2C7 /* front_screen.swift in Sources */,
				9D4DACD42A0D69550065F653 /* EHS_may_11App.swift in Sources */,
				9D4DACE62A0D6DAD0065F653 /* side_a.swift in Sources */,
				9D21E8172A12AE9E00E3D2C7 /* heating_plant.swift in Sources */,
				9D4DACE82A0D6DE50065F653 /* side_b.swift in Sources */,
				9D4DACE42A0D6B440065F653 /* SwiftUIViewTEST.swift in Sources */,
				9D4DACE22A0D6A880065F653 /* SwiftUIView.swift in Sources */,
				9D21E81D2A12AF2700E3D2C7 /* request_normal_permit.swift in Sources */,
			);
			runOnlyForDeploymentPostprocessing = 0;
		};
/* End PBXSourcesBuildPhase section */

/* Begin XCBuildConfiguration section */
		9D4DACDC2A0D69570065F653 /* Debug */ = {
			isa = XCBuildConfiguration;
			buildSettings = {
				ALWAYS_SEARCH_USER_PATHS = NO;
				CLANG_ANALYZER_NONNULL = YES;
				CLANG_ANALYZER_NUMBER_OBJECT_CONVERSION = YES_AGGRESSIVE;
				CLANG_CXX_LANGUAGE_STANDARD = "gnu++20";
				CLANG_ENABLE_MODULES = YES;
				CLANG_ENABLE_OBJC_ARC = YES;
				CLANG_ENABLE_OBJC_WEAK = YES;
				CLANG_WARN_BLOCK_CAPTURE_AUTORELEASING = YES;
				CLANG_WARN_BOOL_CONVERSION = YES;
				CLANG_WARN_COMMA = YES;
				CLANG_WARN_CONSTANT_CONVERSION = YES;
				CLANG_WARN_DEPRECATED_OBJC_IMPLEMENTATIONS = YES;
				CLANG_WARN_DIRECT_OBJC_ISA_USAGE = YES_ERROR;
				CLANG_WARN_DOCUMENTATION_COMMENTS = YES;
				CLANG_WARN_EMPTY_BODY = YES;
				CLANG_WARN_ENUM_CONVERSION = YES;
				CLANG_WARN_INFINITE_RECURSION = YES;
				CLANG_WARN_INT_CONVERSION = YES;
				CLANG_WARN_NON_LITERAL_NULL_CONVERSION = YES;
				CLANG_WARN_OBJC_IMPLICIT_RETAIN_SELF = YES;
				CLANG_WARN_OBJC_LITERAL_CONVERSION = YES;
				CLANG_WARN_OBJC_ROOT_CLASS = YES_ERROR;
				CLANG_WARN_QUOTED_INCLUDE_IN_FRAMEWORK_HEADER = YES;
				CLANG_WARN_RANGE_LOOP_ANALYSIS = YES;
				CLANG_WARN_STRICT_PROTOTYPES = YES;
				CLANG_WARN_SUSPICIOUS_MOVE = YES;
				CLANG_WARN_UNGUARDED_AVAILABILITY = YES_AGGRESSIVE;
				CLANG_WARN_UNREACHABLE_CODE = YES;
				CLANG_WARN__DUPLICATE_METHOD_MATCH = YES;
				COPY_PHASE_STRIP = NO;
				DEBUG_INFORMATION_FORMAT = dwarf;
				ENABLE_STRICT_OBJC_MSGSEND = YES;
				ENABLE_TESTABILITY = YES;
				GCC_C_LANGUAGE_STANDARD = gnu11;
				GCC_DYNAMIC_NO_PIC = NO;
				GCC_NO_COMMON_BLOCKS = YES;
				GCC_OPTIMIZATION_LEVEL = 0;
				GCC_PREPROCESSOR_DEFINITIONS = (
					"DEBUG=1",
					"$(inherited)",
				);
				GCC_WARN_64_TO_32_BIT_CONVERSION = YES;
				GCC_WARN_ABOUT_RETURN_TYPE = YES_ERROR;
				GCC_WARN_UNDECLARED_SELECTOR = YES;
				GCC_WARN_UNINITIALIZED_AUTOS = YES_AGGRESSIVE;
				GCC_WARN_UNUSED_FUNCTION = YES;
				GCC_WARN_UNUSED_VARIABLE = YES;
				IPHONEOS_DEPLOYMENT_TARGET = 16.4;
				MTL_ENABLE_DEBUG_INFO = INCLUDE_SOURCE;
				MTL_FAST_MATH = YES;
				ONLY_ACTIVE_ARCH = YES;
				SDKROOT = iphoneos;
				SWIFT_ACTIVE_COMPILATION_CONDITIONS = DEBUG;
				SWIFT_OPTIMIZATION_LEVEL = "-Onone";
			};
			name = Debug;
		};
		9D4DACDD2A0D69570065F653 /* Release */ = {
			isa = XCBuildConfiguration;
			buildSettings = {
				ALWAYS_SEARCH_USER_PATHS = NO;
				CLANG_ANALYZER_NONNULL = YES;
				CLANG_ANALYZER_NUMBER_OBJECT_CONVERSION = YES_AGGRESSIVE;
				CLANG_CXX_LANGUAGE_STANDARD = "gnu++20";
				CLANG_ENABLE_MODULES = YES;
				CLANG_ENABLE_OBJC_ARC = YES;
				CLANG_ENABLE_OBJC_WEAK = YES;
				CLANG_WARN_BLOCK_CAPTURE_AUTORELEASING = YES;
				CLANG_WARN_BOOL_CONVERSION = YES;
				CLANG_WARN_COMMA = YES;
				CLANG_WARN_CONSTANT_CONVERSION = YES;
				CLANG_WARN_DEPRECATED_OBJC_IMPLEMENTATIONS = YES;
				CLANG_WARN_DIRECT_OBJC_ISA_USAGE = YES_ERROR;
				CLANG_WARN_DOCUMENTATION_COMMENTS = YES;
				CLANG_WARN_EMPTY_BODY = YES;
				CLANG_WARN_ENUM_CONVERSION = YES;
				CLANG_WARN_INFINITE_RECURSION = YES;
				CLANG_WARN_INT_CONVERSION = YES;
				CLANG_WARN_NON_LITERAL_NULL_CONVERSION = YES;
				CLANG_WARN_OBJC_IMPLICIT_RETAIN_SELF = YES;
				CLANG_WARN_OBJC_LITERAL_CONVERSION = YES;
				CLANG_WARN_OBJC_ROOT_CLASS = YES_ERROR;
				CLANG_WARN_QUOTED_INCLUDE_IN_FRAMEWORK_HEADER = YES;
				CLANG_WARN_RANGE_LOOP_ANALYSIS = YES;
				CLANG_WARN_STRICT_PROTOTYPES = YES;
				CLANG_WARN_SUSPICIOUS_MOVE = YES;
				CLANG_WARN_UNGUARDED_AVAILABILITY = YES_AGGRESSIVE;
				CLANG_WARN_UNREACHABLE_CODE = YES;
				CLANG_WARN__DUPLICATE_METHOD_MATCH = YES;
				COPY_PHASE_STRIP = NO;
				DEBUG_INFORMATION_FORMAT = "dwarf-with-dsym";
				ENABLE_NS_ASSERTIONS = NO;
				ENABLE_STRICT_OBJC_MSGSEND = YES;
				GCC_C_LANGUAGE_STANDARD = gnu11;
				GCC_NO_COMMON_BLOCKS = YES;
				GCC_WARN_64_TO_32_BIT_CONVERSION = YES;
				GCC_WARN_ABOUT_RETURN_TYPE = YES_ERROR;
				GCC_WARN_UNDECLARED_SELECTOR = YES;
				GCC_WARN_UNINITIALIZED_AUTOS = YES_AGGRESSIVE;
				GCC_WARN_UNUSED_FUNCTION = YES;
				GCC_WARN_UNUSED_VARIABLE = YES;
				IPHONEOS_DEPLOYMENT_TARGET = 16.4;
				MTL_ENABLE_DEBUG_INFO = NO;
				MTL_FAST_MATH = YES;
				SDKROOT = iphoneos;
				SWIFT_COMPILATION_MODE = wholemodule;
				SWIFT_OPTIMIZATION_LEVEL = "-O";
				VALIDATE_PRODUCT = YES;
			};
			name = Release;
		};
		9D4DACDF2A0D69570065F653 /* Debug */ = {
			isa = XCBuildConfiguration;
			buildSettings = {
				ASSETCATALOG_COMPILER_APPICON_NAME = AppIcon;
				ASSETCATALOG_COMPILER_GLOBAL_ACCENT_COLOR_NAME = AccentColor;
				CODE_SIGN_STYLE = Automatic;
				CURRENT_PROJECT_VERSION = 1;
				DEVELOPMENT_ASSET_PATHS = "\"EHS_may_11/Preview Content\"";
				DEVELOPMENT_TEAM = WD69SD55AQ;
				ENABLE_PREVIEWS = YES;
				GENERATE_INFOPLIST_FILE = YES;
				INFOPLIST_KEY_UIApplicationSceneManifest_Generation = YES;
				INFOPLIST_KEY_UIApplicationSupportsIndirectInputEvents = YES;
				INFOPLIST_KEY_UILaunchScreen_Generation = YES;
				INFOPLIST_KEY_UISupportedInterfaceOrientations_iPad = "UIInterfaceOrientationPortrait UIInterfaceOrientationPortraitUpsideDown UIInterfaceOrientationLandscapeLeft UIInterfaceOrientationLandscapeRight";
				INFOPLIST_KEY_UISupportedInterfaceOrientations_iPhone = "UIInterfaceOrientationPortrait UIInterfaceOrientationLandscapeLeft UIInterfaceOrientationLandscapeRight";
				LD_RUNPATH_SEARCH_PATHS = (
					"$(inherited)",
					"@executable_path/Frameworks",
				);
				MARKETING_VERSION = 1.0;
				PRODUCT_BUNDLE_IDENTIFIER = "IOS-Scrumdinger.EHS-may-11";
				PRODUCT_NAME = "$(TARGET_NAME)";
				SWIFT_EMIT_LOC_STRINGS = YES;
				SWIFT_VERSION = 5.0;
				TARGETED_DEVICE_FAMILY = "1,2";
			};
			name = Debug;
		};
		9D4DACE02A0D69570065F653 /* Release */ = {
			isa = XCBuildConfiguration;
			buildSettings = {
				ASSETCATALOG_COMPILER_APPICON_NAME = AppIcon;
				ASSETCATALOG_COMPILER_GLOBAL_ACCENT_COLOR_NAME = AccentColor;
				CODE_SIGN_STYLE = Automatic;
				CURRENT_PROJECT_VERSION = 1;
				DEVELOPMENT_ASSET_PATHS = "\"EHS_may_11/Preview Content\"";
				DEVELOPMENT_TEAM = WD69SD55AQ;
				ENABLE_PREVIEWS = YES;
				GENERATE_INFOPLIST_FILE = YES;
				INFOPLIST_KEY_UIApplicationSceneManifest_Generation = YES;
				INFOPLIST_KEY_UIApplicationSupportsIndirectInputEvents = YES;
				INFOPLIST_KEY_UILaunchScreen_Generation = YES;
				INFOPLIST_KEY_UISupportedInterfaceOrientations_iPad = "UIInterfaceOrientationPortrait UIInterfaceOrientationPortraitUpsideDown UIInterfaceOrientationLandscapeLeft UIInterfaceOrientationLandscapeRight";
				INFOPLIST_KEY_UISupportedInterfaceOrientations_iPhone = "UIInterfaceOrientationPortrait UIInterfaceOrientationLandscapeLeft UIInterfaceOrientationLandscapeRight";
				LD_RUNPATH_SEARCH_PATHS = (
					"$(inherited)",
					"@executable_path/Frameworks",
				);
				MARKETING_VERSION = 1.0;
				PRODUCT_BUNDLE_IDENTIFIER = "IOS-Scrumdinger.EHS-may-11";
				PRODUCT_NAME = "$(TARGET_NAME)";
				SWIFT_EMIT_LOC_STRINGS = YES;
				SWIFT_VERSION = 5.0;
				TARGETED_DEVICE_FAMILY = "1,2";
			};
			name = Release;
		};
/* End XCBuildConfiguration section */

/* Begin XCConfigurationList section */
		9D4DACCB2A0D69550065F653 /* Build configuration list for PBXProject "EHS_may_11" */ = {
			isa = XCConfigurationList;
			buildConfigurations = (
				9D4DACDC2A0D69570065F653 /* Debug */,
				9D4DACDD2A0D69570065F653 /* Release */,
			);
			defaultConfigurationIsVisible = 0;
			defaultConfigurationName = Release;
		};
		9D4DACDE2A0D69570065F653 /* Build configuration list for PBXNativeTarget "EHS_may_11" */ = {
			isa = XCConfigurationList;
			buildConfigurations = (
				9D4DACDF2A0D69570065F653 /* Debug */,
				9D4DACE02A0D69570065F653 /* Release */,
			);
			defaultConfigurationIsVisible = 0;
			defaultConfigurationName = Release;
		};
/* End XCConfigurationList section */
	};
	rootObject = 9D4DACC82A0D69550065F653 /* Project object */;
}
